
Microsoft Visual Studio Solution File, Format Version 12.00
# Visual Studio Version 16
VisualStudioVersion = 16.0.30011.22
MinimumVisualStudioVersion = 10.0.40219.1
Project("{FAE04EC0-301F-11D3-BF4B-00C04F79EFBC}") = "GUI", "GUI\GUI.csproj", "{514CAE66-A30E-4849-9AA6-9390067D1C9B}"
	ProjectSection(ProjectDependencies) = postProject
		{07237600-12E3-46BA-96AD-5CF86C734B48} = {07237600-12E3-46BA-96AD-5CF86C734B48}
		{28754C0A-A3A5-4118-A35D-48A967427792} = {28754C0A-A3A5-4118-A35D-48A967427792}
		{FECF4F48-EB12-4B09-A346-146F3C08B3A6} = {FECF4F48-EB12-4B09-A346-146F3C08B3A6}
		{79C485CC-D987-4547-9E7B-6567566B31C8} = {79C485CC-D987-4547-9E7B-6567566B31C8}
	EndProjectSection
EndProject
Project("{FAE04EC0-301F-11D3-BF4B-00C04F79EFBC}") = "BE", "BE\BE.csproj", "{07237600-12E3-46BA-96AD-5CF86C734B48}"
EndProject
Project("{FAE04EC0-301F-11D3-BF4B-00C04F79EFBC}") = "BLL", "BLL\BLL.csproj", "{28754C0A-A3A5-4118-A35D-48A967427792}"
	ProjectSection(ProjectDependencies) = postProject
		{07237600-12E3-46BA-96AD-5CF86C734B48} = {07237600-12E3-46BA-96AD-5CF86C734B48}
		{69C56982-6D9D-4730-B933-2D75C7043183} = {69C56982-6D9D-4730-B933-2D75C7043183}
		{79C485CC-D987-4547-9E7B-6567566B31C8} = {79C485CC-D987-4547-9E7B-6567566B31C8}
	EndProjectSection
EndProject
Project("{FAE04EC0-301F-11D3-BF4B-00C04F79EFBC}") = "DAL", "DAL\DAL.csproj", "{69C56982-6D9D-4730-B933-2D75C7043183}"
	ProjectSection(ProjectDependencies) = postProject
		{07237600-12E3-46BA-96AD-5CF86C734B48} = {07237600-12E3-46BA-96AD-5CF86C734B48}
		{FECF4F48-EB12-4B09-A346-146F3C08B3A6} = {FECF4F48-EB12-4B09-A346-146F3C08B3A6}
	EndProjectSection
EndProject
Project("{FAE04EC0-301F-11D3-BF4B-00C04F79EFBC}") = "SL", "SL\SL.csproj", "{79C485CC-D987-4547-9E7B-6567566B31C8}"
	ProjectSection(ProjectDependencies) = postProject
		{07237600-12E3-46BA-96AD-5CF86C734B48} = {07237600-12E3-46BA-96AD-5CF86C734B48}
		{FECF4F48-EB12-4B09-A346-146F3C08B3A6} = {FECF4F48-EB12-4B09-A346-146F3C08B3A6}
		{69C56982-6D9D-4730-B933-2D75C7043183} = {69C56982-6D9D-4730-B933-2D75C7043183}
	EndProjectSection
EndProject
Project("{FAE04EC0-301F-11D3-BF4B-00C04F79EFBC}") = "SLE", "SLE\SLE.csproj", "{FECF4F48-EB12-4B09-A346-146F3C08B3A6}"
EndProject
Global
	GlobalSection(SolutionConfigurationPlatforms) = preSolution
		Debug|Any CPU = Debug|Any CPU
		Release|Any CPU = Release|Any CPU
	EndGlobalSection
	GlobalSection(ProjectConfigurationPlatforms) = postSolution
		{514CAE66-A30E-4849-9AA6-9390067D1C9B}.Debug|Any CPU.ActiveCfg = Debug|Any CPU
		{514CAE66-A30E-4849-9AA6-9390067D1C9B}.Debug|Any CPU.Build.0 = Debug|Any CPU
		{514CAE66-A30E-4849-9AA6-9390067D1C9B}.Release|Any CPU.ActiveCfg = Release|Any CPU
		{514CAE66-A30E-4849-9AA6-9390067D1C9B}.Release|Any CPU.Build.0 = Release|Any CPU
		{07237600-12E3-46BA-96AD-5CF86C734B48}.Debug|Any CPU.ActiveCfg = Debug|Any CPU
		{07237600-12E3-46BA-96AD-5CF86C734B48}.Debug|Any CPU.Build.0 = Debug|Any CPU
		{07237600-12E3-46BA-96AD-5CF86C734B48}.Release|Any CPU.ActiveCfg = Release|Any CPU
		{07237600-12E3-46BA-96AD-5CF86C734B48}.Release|Any CPU.Build.0 = Release|Any CPU
		{28754C0A-A3A5-4118-A35D-48A967427792}.Debug|Any CPU.ActiveCfg = Debug|Any CPU
		{28754C0A-A3A5-4118-A35D-48A967427792}.Debug|Any CPU.Build.0 = Debug|Any CPU
		{28754C0A-A3A5-4118-A35D-48A967427792}.Release|Any CPU.ActiveCfg = Release|Any CPU
		{28754C0A-A3A5-4118-A35D-48A967427792}.Release|Any CPU.Build.0 = Release|Any CPU
		{69C56982-6D9D-4730-B933-2D75C7043183}.Debug|Any CPU.ActiveCfg = Debug|Any CPU
		{69C56982-6D9D-4730-B933-2D75C7043183}.Debug|Any CPU.Build.0 = Debug|Any CPU
		{69C56982-6D9D-4730-B933-2D75C7043183}.Release|Any CPU.ActiveCfg = Release|Any CPU
		{69C56982-6D9D-4730-B933-2D75C7043183}.Release|Any CPU.Build.0 = Release|Any CPU
		{79C485CC-D987-4547-9E7B-6567566B31C8}.Debug|Any CPU.ActiveCfg = Debug|Any CPU
		{79C485CC-D987-4547-9E7B-6567566B31C8}.Debug|Any CPU.Build.0 = Debug|Any CPU
		{79C485CC-D987-4547-9E7B-6567566B31C8}.Release|Any CPU.ActiveCfg = Release|Any CPU
		{79C485CC-D987-4547-9E7B-6567566B31C8}.Release|Any CPU.Build.0 = Release|Any CPU
		{FECF4F48-EB12-4B09-A346-146F3C08B3A6}.Debug|Any CPU.ActiveCfg = Debug|Any CPU
		{FECF4F48-EB12-4B09-A346-146F3C08B3A6}.Debug|Any CPU.Build.0 = Debug|Any CPU
		{FECF4F48-EB12-4B09-A346-146F3C08B3A6}.Release|Any CPU.ActiveCfg = Release|Any CPU
		{FECF4F48-EB12-4B09-A346-146F3C08B3A6}.Release|Any CPU.Build.0 = Release|Any CPU
	EndGlobalSection
	GlobalSection(SolutionProperties) = preSolution
		HideSolutionNode = FALSE
	EndGlobalSection
	GlobalSection(ExtensibilityGlobals) = postSolution
		SolutionGuid = {E0FCFA36-E707-4B3E-A57A-CF75ABAA4BC7}
	EndGlobalSection
EndGlobal
